
Microsoft Visual Studio Solution File, Format Version 12.00
# Visual Studio Version 16
VisualStudioVersion = 16.0.31205.134
MinimumVisualStudioVersion = 10.0.40219.1
Project("{FAE04EC0-301F-11D3-BF4B-00C04F79EFBC}") = "PCHardwareShop", "PCHardwareShop\PCHardwareShop.csproj", "{C6A2DC59-30F4-436A-885E-997EB0991A8F}"
EndProject
Global
	GlobalSection(SolutionConfigurationPlatforms) = preSolution
		Debug|Any CPU = Debug|Any CPU
		Release|Any CPU = Release|Any CPU
	EndGlobalSection
	GlobalSection(ProjectConfigurationPlatforms) = postSolution
		{C6A2DC59-30F4-436A-885E-997EB0991A8F}.Debug|Any CPU.ActiveCfg = Debug|Any CPU
		{C6A2DC59-30F4-436A-885E-997EB0991A8F}.Debug|Any CPU.Build.0 = Debug|Any CPU
		{C6A2DC59-30F4-436A-885E-997EB0991A8F}.Release|Any CPU.ActiveCfg = Release|Any CPU
		{C6A2DC59-30F4-436A-885E-997EB0991A8F}.Release|Any CPU.Build.0 = Release|Any CPU
	EndGlobalSection
	GlobalSection(SolutionProperties) = preSolution
		HideSolutionNode = FALSE
	EndGlobalSection
	GlobalSection(ExtensibilityGlobals) = postSolution
		SolutionGuid = {77EB79FF-1CB1-4B7A-84C6-0C410998A487}
	EndGlobalSection
EndGlobal
